
Microsoft Visual Studio Solution File, Format Version 12.00
# Visual Studio Version 16
VisualStudioVersion = 16.0.30804.86
MinimumVisualStudioVersion = 10.0.40219.1
Project("{FAE04EC0-301F-11D3-BF4B-00C04F79EFBC}") = "001-1数据类型及转换", "001-1数据类型及转换\001-1数据类型及转换.csproj", "{C0E8EFEB-84C7-4B4B-B221-47C20978F37C}"
EndProject
Project("{FAE04EC0-301F-11D3-BF4B-00C04F79EFBC}") = "001-2值类型和引用类型及转换", "001-2值类型和引用类型及转换\001-2值类型和引用类型及转换.csproj", "{91604C7E-D83D-414E-BAEF-471915E63CA1}"
EndProject
Project("{FAE04EC0-301F-11D3-BF4B-00C04F79EFBC}") = "002-1枚举类型使用", "002-1枚举类型使用\002-1枚举类型使用.csproj", "{04C80901-0062-43ED-85ED-754F4BB11735}"
EndProject
Project("{FAE04EC0-301F-11D3-BF4B-00C04F79EFBC}") = "003-1条件循环分支结构使用", "003-1条件循环分支结构使用\003-1条件循环分支结构使用.csproj", "{9DA179A3-15AB-4FE7-A97C-7849BE8149F5}"
EndProject
Project("{FAE04EC0-301F-11D3-BF4B-00C04F79EFBC}") = "004-1String类型的使用", "004-1String类型的使用\004-1String类型的使用.csproj", "{9E0C3415-C46C-48BF-8854-75C6979217C9}"
EndProject
Project("{FAE04EC0-301F-11D3-BF4B-00C04F79EFBC}") = "006-1类的声明使用", "006-1类的声明使用\006-1类的声明使用.csproj", "{E0F485D8-710D-4E2D-B032-CABB1A46A5A2}"
EndProject
Project("{FAE04EC0-301F-11D3-BF4B-00C04F79EFBC}") = "006-2类成员及其使用", "006-2类成员及其使用\006-2类成员及其使用.csproj", "{1199FC50-F7C1-411D-AA05-F1E48FC8B310}"
EndProject
Project("{FAE04EC0-301F-11D3-BF4B-00C04F79EFBC}") = "006-3类继承的使用", "006-3类继承的使用\006-3类继承的使用.csproj", "{2FE60945-D1E2-4AB2-89F4-AF9ACBED675B}"
EndProject
Project("{FAE04EC0-301F-11D3-BF4B-00C04F79EFBC}") = "002-2结构类型使用", "002-2结构类型使用\002-2结构类型使用.csproj", "{ED121BE6-B42A-42D4-B048-CAA4D82EF0D0}"
EndProject
Project("{FAE04EC0-301F-11D3-BF4B-00C04F79EFBC}") = "006-4类与泛型", "006-4类与泛型\006-4类与泛型.csproj", "{DA80DA3E-43D2-494A-A557-F3404263FA4E}"
EndProject
Project("{FAE04EC0-301F-11D3-BF4B-00C04F79EFBC}") = "007-1接口的使用", "007-1接口的使用\007-1接口的使用.csproj", "{7C6A3E70-B0AE-4DFA-AB7F-F6FD7E891E94}"
EndProject
Project("{FAE04EC0-301F-11D3-BF4B-00C04F79EFBC}") = "006-5类与多态", "006-5类与多态\006-5类与多态.csproj", "{6D4C71FE-1A9A-466D-ACD9-EA9605143A23}"
EndProject
Project("{FAE04EC0-301F-11D3-BF4B-00C04F79EFBC}") = "008-1预处理器的使用", "008-1预处理器的使用\008-1预处理器的使用.csproj", "{66C2F562-E3C6-4556-A96C-0656461291FC}"
EndProject
Project("{FAE04EC0-301F-11D3-BF4B-00C04F79EFBC}") = "009-1异常处理使用", "009-1异常处理使用\009-1异常处理使用.csproj", "{BC018659-5BC4-47C7-9E42-50363431A6BE}"
EndProject
Project("{FAE04EC0-301F-11D3-BF4B-00C04F79EFBC}") = "010-1正则表达式", "010-1正则表达式\010-1正则表达式.csproj", "{EA0CAC45-DB2E-48C4-A553-31E735973FC4}"
EndProject
Project("{FAE04EC0-301F-11D3-BF4B-00C04F79EFBC}") = "001-3ref和out的使用", "001-3ref和out的使用\001-3ref和out的使用.csproj", "{1AAD8A58-54EA-426C-9F72-D088DCB9F8FC}"
EndProject
Project("{FAE04EC0-301F-11D3-BF4B-00C04F79EFBC}") = "004-2StringFormat使用", "004-2StringFormat使用\004-2StringFormat使用.csproj", "{4610417A-7202-4BB6-8694-7B7DD1DF5C21}"
EndProject
Project("{FAE04EC0-301F-11D3-BF4B-00C04F79EFBC}") = "005-1命名空间与using", "005-1命名空间与using\005-1命名空间与using.csproj", "{DA67AC8F-486C-445B-A82B-29878896B084}"
EndProject
Global
	GlobalSection(SolutionConfigurationPlatforms) = preSolution
		Debug|Any CPU = Debug|Any CPU
		Release|Any CPU = Release|Any CPU
	EndGlobalSection
	GlobalSection(ProjectConfigurationPlatforms) = postSolution
		{C0E8EFEB-84C7-4B4B-B221-47C20978F37C}.Debug|Any CPU.ActiveCfg = Debug|Any CPU
		{C0E8EFEB-84C7-4B4B-B221-47C20978F37C}.Debug|Any CPU.Build.0 = Debug|Any CPU
		{C0E8EFEB-84C7-4B4B-B221-47C20978F37C}.Release|Any CPU.ActiveCfg = Release|Any CPU
		{C0E8EFEB-84C7-4B4B-B221-47C20978F37C}.Release|Any CPU.Build.0 = Release|Any CPU
		{91604C7E-D83D-414E-BAEF-471915E63CA1}.Debug|Any CPU.ActiveCfg = Debug|Any CPU
		{91604C7E-D83D-414E-BAEF-471915E63CA1}.Debug|Any CPU.Build.0 = Debug|Any CPU
		{91604C7E-D83D-414E-BAEF-471915E63CA1}.Release|Any CPU.ActiveCfg = Release|Any CPU
		{91604C7E-D83D-414E-BAEF-471915E63CA1}.Release|Any CPU.Build.0 = Release|Any CPU
		{04C80901-0062-43ED-85ED-754F4BB11735}.Debug|Any CPU.ActiveCfg = Debug|Any CPU
		{04C80901-0062-43ED-85ED-754F4BB11735}.Debug|Any CPU.Build.0 = Debug|Any CPU
		{04C80901-0062-43ED-85ED-754F4BB11735}.Release|Any CPU.ActiveCfg = Release|Any CPU
		{04C80901-0062-43ED-85ED-754F4BB11735}.Release|Any CPU.Build.0 = Release|Any CPU
		{9DA179A3-15AB-4FE7-A97C-7849BE8149F5}.Debug|Any CPU.ActiveCfg = Debug|Any CPU
		{9DA179A3-15AB-4FE7-A97C-7849BE8149F5}.Debug|Any CPU.Build.0 = Debug|Any CPU
		{9DA179A3-15AB-4FE7-A97C-7849BE8149F5}.Release|Any CPU.ActiveCfg = Release|Any CPU
		{9DA179A3-15AB-4FE7-A97C-7849BE8149F5}.Release|Any CPU.Build.0 = Release|Any CPU
		{9E0C3415-C46C-48BF-8854-75C6979217C9}.Debug|Any CPU.ActiveCfg = Debug|Any CPU
		{9E0C3415-C46C-48BF-8854-75C6979217C9}.Debug|Any CPU.Build.0 = Debug|Any CPU
		{9E0C3415-C46C-48BF-8854-75C6979217C9}.Release|Any CPU.ActiveCfg = Release|Any CPU
		{9E0C3415-C46C-48BF-8854-75C6979217C9}.Release|Any CPU.Build.0 = Release|Any CPU
		{E0F485D8-710D-4E2D-B032-CABB1A46A5A2}.Debug|Any CPU.ActiveCfg = Debug|Any CPU
		{E0F485D8-710D-4E2D-B032-CABB1A46A5A2}.Debug|Any CPU.Build.0 = Debug|Any CPU
		{E0F485D8-710D-4E2D-B032-CABB1A46A5A2}.Release|Any CPU.ActiveCfg = Release|Any CPU
		{E0F485D8-710D-4E2D-B032-CABB1A46A5A2}.Release|Any CPU.Build.0 = Release|Any CPU
		{1199FC50-F7C1-411D-AA05-F1E48FC8B310}.Debug|Any CPU.ActiveCfg = Debug|Any CPU
		{1199FC50-F7C1-411D-AA05-F1E48FC8B310}.Debug|Any CPU.Build.0 = Debug|Any CPU
		{1199FC50-F7C1-411D-AA05-F1E48FC8B310}.Release|Any CPU.ActiveCfg = Release|Any CPU
		{1199FC50-F7C1-411D-AA05-F1E48FC8B310}.Release|Any CPU.Build.0 = Release|Any CPU
		{2FE60945-D1E2-4AB2-89F4-AF9ACBED675B}.Debug|Any CPU.ActiveCfg = Debug|Any CPU
		{2FE60945-D1E2-4AB2-89F4-AF9ACBED675B}.Debug|Any CPU.Build.0 = Debug|Any CPU
		{2FE60945-D1E2-4AB2-89F4-AF9ACBED675B}.Release|Any CPU.ActiveCfg = Release|Any CPU
		{2FE60945-D1E2-4AB2-89F4-AF9ACBED675B}.Release|Any CPU.Build.0 = Release|Any CPU
		{ED121BE6-B42A-42D4-B048-CAA4D82EF0D0}.Debug|Any CPU.ActiveCfg = Debug|Any CPU
		{ED121BE6-B42A-42D4-B048-CAA4D82EF0D0}.Debug|Any CPU.Build.0 = Debug|Any CPU
		{ED121BE6-B42A-42D4-B048-CAA4D82EF0D0}.Release|Any CPU.ActiveCfg = Release|Any CPU
		{ED121BE6-B42A-42D4-B048-CAA4D82EF0D0}.Release|Any CPU.Build.0 = Release|Any CPU
		{DA80DA3E-43D2-494A-A557-F3404263FA4E}.Debug|Any CPU.ActiveCfg = Debug|Any CPU
		{DA80DA3E-43D2-494A-A557-F3404263FA4E}.Debug|Any CPU.Build.0 = Debug|Any CPU
		{DA80DA3E-43D2-494A-A557-F3404263FA4E}.Release|Any CPU.ActiveCfg = Release|Any CPU
		{DA80DA3E-43D2-494A-A557-F3404263FA4E}.Release|Any CPU.Build.0 = Release|Any CPU
		{7C6A3E70-B0AE-4DFA-AB7F-F6FD7E891E94}.Debug|Any CPU.ActiveCfg = Debug|Any CPU
		{7C6A3E70-B0AE-4DFA-AB7F-F6FD7E891E94}.Debug|Any CPU.Build.0 = Debug|Any CPU
		{7C6A3E70-B0AE-4DFA-AB7F-F6FD7E891E94}.Release|Any CPU.ActiveCfg = Release|Any CPU
		{7C6A3E70-B0AE-4DFA-AB7F-F6FD7E891E94}.Release|Any CPU.Build.0 = Release|Any CPU
		{6D4C71FE-1A9A-466D-ACD9-EA9605143A23}.Debug|Any CPU.ActiveCfg = Debug|Any CPU
		{6D4C71FE-1A9A-466D-ACD9-EA9605143A23}.Debug|Any CPU.Build.0 = Debug|Any CPU
		{6D4C71FE-1A9A-466D-ACD9-EA9605143A23}.Release|Any CPU.ActiveCfg = Release|Any CPU
		{6D4C71FE-1A9A-466D-ACD9-EA9605143A23}.Release|Any CPU.Build.0 = Release|Any CPU
		{66C2F562-E3C6-4556-A96C-0656461291FC}.Debug|Any CPU.ActiveCfg = Debug|Any CPU
		{66C2F562-E3C6-4556-A96C-0656461291FC}.Debug|Any CPU.Build.0 = Debug|Any CPU
		{66C2F562-E3C6-4556-A96C-0656461291FC}.Release|Any CPU.ActiveCfg = Release|Any CPU
		{66C2F562-E3C6-4556-A96C-0656461291FC}.Release|Any CPU.Build.0 = Release|Any CPU
		{BC018659-5BC4-47C7-9E42-50363431A6BE}.Debug|Any CPU.ActiveCfg = Debug|Any CPU
		{BC018659-5BC4-47C7-9E42-50363431A6BE}.Debug|Any CPU.Build.0 = Debug|Any CPU
		{BC018659-5BC4-47C7-9E42-50363431A6BE}.Release|Any CPU.ActiveCfg = Release|Any CPU
		{BC018659-5BC4-47C7-9E42-50363431A6BE}.Release|Any CPU.Build.0 = Release|Any CPU
		{EA0CAC45-DB2E-48C4-A553-31E735973FC4}.Debug|Any CPU.ActiveCfg = Debug|Any CPU
		{EA0CAC45-DB2E-48C4-A553-31E735973FC4}.Debug|Any CPU.Build.0 = Debug|Any CPU
		{EA0CAC45-DB2E-48C4-A553-31E735973FC4}.Release|Any CPU.ActiveCfg = Release|Any CPU
		{EA0CAC45-DB2E-48C4-A553-31E735973FC4}.Release|Any CPU.Build.0 = Release|Any CPU
		{1AAD8A58-54EA-426C-9F72-D088DCB9F8FC}.Debug|Any CPU.ActiveCfg = Debug|Any CPU
		{1AAD8A58-54EA-426C-9F72-D088DCB9F8FC}.Debug|Any CPU.Build.0 = Debug|Any CPU
		{1AAD8A58-54EA-426C-9F72-D088DCB9F8FC}.Release|Any CPU.ActiveCfg = Release|Any CPU
		{1AAD8A58-54EA-426C-9F72-D088DCB9F8FC}.Release|Any CPU.Build.0 = Release|Any CPU
		{4610417A-7202-4BB6-8694-7B7DD1DF5C21}.Debug|Any CPU.ActiveCfg = Debug|Any CPU
		{4610417A-7202-4BB6-8694-7B7DD1DF5C21}.Debug|Any CPU.Build.0 = Debug|Any CPU
		{4610417A-7202-4BB6-8694-7B7DD1DF5C21}.Release|Any CPU.ActiveCfg = Release|Any CPU
		{4610417A-7202-4BB6-8694-7B7DD1DF5C21}.Release|Any CPU.Build.0 = Release|Any CPU
		{DA67AC8F-486C-445B-A82B-29878896B084}.Debug|Any CPU.ActiveCfg = Debug|Any CPU
		{DA67AC8F-486C-445B-A82B-29878896B084}.Debug|Any CPU.Build.0 = Debug|Any CPU
		{DA67AC8F-486C-445B-A82B-29878896B084}.Release|Any CPU.ActiveCfg = Release|Any CPU
		{DA67AC8F-486C-445B-A82B-29878896B084}.Release|Any CPU.Build.0 = Release|Any CPU
	EndGlobalSection
	GlobalSection(SolutionProperties) = preSolution
		HideSolutionNode = FALSE
	EndGlobalSection
	GlobalSection(ExtensibilityGlobals) = postSolution
		SolutionGuid = {3BD6352E-C09A-4EDC-8FEB-3D15209C560A}
	EndGlobalSection
EndGlobal
